Microsoft Visual Studio Solution File, Format Version 12.00
# Visual Studio Version 17
VisualStudioVersion = 17.5.2.0
MinimumVisualStudioVersion = 10.0.40219.1
Project("{FAE04EC0-301F-11D3-BF4B-00C04F79EFBC}") = "Rafiq.API", "Rafiq.API\Rafiq.API.csproj", "{5E8E7ABF-8A99-D670-9873-E7F1604999B5}"
EndProject
Project("{FAE04EC0-301F-11D3-BF4B-00C04F79EFBC}") = "Rafiq.Application", "Rafiq.Application\Rafiq.Application.csproj", "{658886D9-61A8-0C67-AB23-BD210D89629B}"
EndProject
Project("{FAE04EC0-301F-11D3-BF4B-00C04F79EFBC}") = "Rafiq.Domain", "Rafiq.Domain\Rafiq.Domain.csproj", "{6FD97E23-54A2-AF87-8A85-0A4D0C035465}"
EndProject
Project("{FAE04EC0-301F-11D3-BF4B-00C04F79EFBC}") = "Rafiq.Infrastructure", "Rafiq.Infrastructure\Rafiq.Infrastructure.csproj", "{77A2E8D4-DAF6-8664-F767-410C95964824}"
EndProject
Global
	GlobalSection(SolutionConfigurationPlatforms) = preSolution
		Debug|Any CPU = Debug|Any CPU
		Release|Any CPU = Release|Any CPU
	EndGlobalSection
	GlobalSection(ProjectConfigurationPlatforms) = postSolution
		{5E8E7ABF-8A99-D670-9873-E7F1604999B5}.Debug|Any CPU.ActiveCfg = Debug|Any CPU
		{5E8E7ABF-8A99-D670-9873-E7F1604999B5}.Debug|Any CPU.Build.0 = Debug|Any CPU
		{5E8E7ABF-8A99-D670-9873-E7F1604999B5}.Release|Any CPU.ActiveCfg = Release|Any CPU
		{5E8E7ABF-8A99-D670-9873-E7F1604999B5}.Release|Any CPU.Build.0 = Release|Any CPU
		{658886D9-61A8-0C67-AB23-BD210D89629B}.Debug|Any CPU.ActiveCfg = Debug|Any CPU
		{658886D9-61A8-0C67-AB23-BD210D89629B}.Debug|Any CPU.Build.0 = Debug|Any CPU
		{658886D9-61A8-0C67-AB23-BD210D89629B}.Release|Any CPU.ActiveCfg = Release|Any CPU
		{658886D9-61A8-0C67-AB23-BD210D89629B}.Release|Any CPU.Build.0 = Release|Any CPU
		{6FD97E23-54A2-AF87-8A85-0A4D0C035465}.Debug|Any CPU.ActiveCfg = Debug|Any CPU
		{6FD97E23-54A2-AF87-8A85-0A4D0C035465}.Debug|Any CPU.Build.0 = Debug|Any CPU
		{6FD97E23-54A2-AF87-8A85-0A4D0C035465}.Release|Any CPU.ActiveCfg = Release|Any CPU
		{6FD97E23-54A2-AF87-8A85-0A4D0C035465}.Release|Any CPU.Build.0 = Release|Any CPU
		{77A2E8D4-DAF6-8664-F767-410C95964824}.Debug|Any CPU.ActiveCfg = Debug|Any CPU
		{77A2E8D4-DAF6-8664-F767-410C95964824}.Debug|Any CPU.Build.0 = Debug|Any CPU
		{77A2E8D4-DAF6-8664-F767-410C95964824}.Release|Any CPU.ActiveCfg = Release|Any CPU
		{77A2E8D4-DAF6-8664-F767-410C95964824}.Release|Any CPU.Build.0 = Release|Any CPU
	EndGlobalSection
	GlobalSection(SolutionProperties) = preSolution
		HideSolutionNode = FALSE
	EndGlobalSection
	GlobalSection(ExtensibilityGlobals) = postSolution
		SolutionGuid = {8A04C895-B917-4A7D-881A-ED376A364CBA}
	EndGlobalSection
EndGlobal
